
Microsoft Visual Studio Solution File, Format Version 12.00
# Visual Studio Version 17
VisualStudioVersion = 17.10.34916.146
MinimumVisualStudioVersion = 10.0.40219.1
Project("{9A19103F-16F7-4668-BE54-9A1E7A4F7556}") = "SchoolClassProjectAPP", "SchoolClassProjectAPP\SchoolClassProjectAPP.csproj", "{6DB269EF-EFBE-465C-9494-D8C0850C5243}"
EndProject
Project("{FAE04EC0-301F-11D3-BF4B-00C04F79EFBC}") = "SchoolClassProjectAPPTests1", "SchoolClassProjectAPPTests1\SchoolClassProjectAPPTests1.csproj", "{6DCD614F-AACA-4398-A075-F9F2CBF2A97F}"
EndProject
Global
	GlobalSection(SolutionConfigurationPlatforms) = preSolution
		Debug|Any CPU = Debug|Any CPU
		Release|Any CPU = Release|Any CPU
	EndGlobalSection
	GlobalSection(ProjectConfigurationPlatforms) = postSolution
		{6DB269EF-EFBE-465C-9494-D8C0850C5243}.Debug|Any CPU.ActiveCfg = Debug|Any CPU
		{6DB269EF-EFBE-465C-9494-D8C0850C5243}.Debug|Any CPU.Build.0 = Debug|Any CPU
		{6DB269EF-EFBE-465C-9494-D8C0850C5243}.Release|Any CPU.ActiveCfg = Release|Any CPU
		{6DB269EF-EFBE-465C-9494-D8C0850C5243}.Release|Any CPU.Build.0 = Release|Any CPU
		{6DCD614F-AACA-4398-A075-F9F2CBF2A97F}.Debug|Any CPU.ActiveCfg = Debug|Any CPU
		{6DCD614F-AACA-4398-A075-F9F2CBF2A97F}.Debug|Any CPU.Build.0 = Debug|Any CPU
		{6DCD614F-AACA-4398-A075-F9F2CBF2A97F}.Release|Any CPU.ActiveCfg = Release|Any CPU
		{6DCD614F-AACA-4398-A075-F9F2CBF2A97F}.Release|Any CPU.Build.0 = Release|Any CPU
	EndGlobalSection
	GlobalSection(SolutionProperties) = preSolution
		HideSolutionNode = FALSE
	EndGlobalSection
	GlobalSection(ExtensibilityGlobals) = postSolution
		SolutionGuid = {A8C75A2A-3665-4E26-8C84-5525B45545F6}
	EndGlobalSection
EndGlobal
